// !$*UTF8*$!
{
	archiveVersion = 1;
	classes = {
	};
	objectVersion = 51;
	objects = {

/* Begin PBXBuildFile section */
		4688B808D6C513315C30F5B6 /* Pods_OttocashSDKDemoUITests.framework in Frameworks */ = {isa = PBXBuildFile; fileRef = 4ECEB16AC078A701518C4899 /* Pods_OttocashSDKDemoUITests.framework */; };
		7CC854490A2B2CA7E67FCB15 /* Pods_OttocashSDKDemo.framework in Frameworks */ = {isa = PBXBuildFile; fileRef = 0AC5904234320A022B5B108A /* Pods_OttocashSDKDemo.framework */; };
		864D2BBB228DBD1900EBA457 /* AppDelegate.swift in Sources */ = {isa = PBXBuildFile; fileRef = 864D2BBA228DBD1900EBA457 /* AppDelegate.swift */; };
		864D2BBD228DBD1900EBA457 /* ViewController.swift in Sources */ = {isa = PBXBuildFile; fileRef = 864D2BBC228DBD1900EBA457 /* ViewController.swift */; };
		864D2BC0228DBD1900EBA457 /* Main.storyboard in Resources */ = {isa = PBXBuildFile; fileRef = 864D2BBE228DBD1900EBA457 /* Main.storyboard */; };
		864D2BC2228DBD1A00EBA457 /* Assets.xcassets in Resources */ = {isa = PBXBuildFile; fileRef = 864D2BC1228DBD1A00EBA457 /* Assets.xcassets */; };
		864D2BC5228DBD1A00EBA457 /* LaunchScreen.storyboard in Resources */ = {isa = PBXBuildFile; fileRef = 864D2BC3228DBD1A00EBA457 /* LaunchScreen.storyboard */; };
		864D2BD0228DBD1A00EBA457 /* OttocashSDKDemoUITests.swift in Sources */ = {isa = PBXBuildFile; fileRef = 864D2BCF228DBD1A00EBA457 /* OttocashSDKDemoUITests.swift */; };
/* End PBXBuildFile section */

/* Begin PBXContainerItemProxy section */
		864D2BCC228DBD1A00EBA457 /* PBXContainerItemProxy */ = {
			isa = PBXContainerItemProxy;
			containerPortal = 864D2BAF228DBD1800EBA457 /* Project object */;
			proxyType = 1;
			remoteGlobalIDString = 864D2BB6228DBD1900EBA457;
			remoteInfo = OttocashSDKDemo;
		};
/* End PBXContainerItemProxy section */

/* Begin PBXFileReference section */
		0AC5904234320A022B5B108A /* Pods_OttocashSDKDemo.framework */ = {isa = PBXFileReference; explicitFileType = wrapper.framework; includeInIndex = 0; path = Pods_OttocashSDKDemo.framework; sourceTree = BUILT_PRODUCTS_DIR; };
		0E2FB1734CD4E2EBF916AF97 /* Pods-OttocashSDKDemo.debug.xcconfig */ = {isa = PBXFileReference; includeInIndex = 1; lastKnownFileType = text.xcconfig; name = "Pods-OttocashSDKDemo.debug.xcconfig"; path = "Target Support Files/Pods-OttocashSDKDemo/Pods-OttocashSDKDemo.debug.xcconfig"; sourceTree = "<group>"; };
		4ECEB16AC078A701518C4899 /* Pods_OttocashSDKDemoUITests.framework */ = {isa = PBXFileReference; explicitFileType = wrapper.framework; includeInIndex = 0; path = Pods_OttocashSDKDemoUITests.framework; sourceTree = BUILT_PRODUCTS_DIR; };
		864D2BB7228DBD1900EBA457 /* OttocashSDKDemo.app */ = {isa = PBXFileReference; explicitFileType = wrapper.application; includeInIndex = 0; path = OttocashSDKDemo.app; sourceTree = BUILT_PRODUCTS_DIR; };
		864D2BBA228DBD1900EBA457 /* AppDelegate.swift */ = {isa = PBXFileReference; lastKnownFileType = sourcecode.swift; path = AppDelegate.swift; sourceTree = "<group>"; };
		864D2BBC228DBD1900EBA457 /* ViewController.swift */ = {isa = PBXFileReference; lastKnownFileType = sourcecode.swift; path = ViewController.swift; sourceTree = "<group>"; };
		864D2BBF228DBD1900EBA457 /* Base */ = {isa = PBXFileReference; lastKnownFileType = file.storyboard; name = Base; path = Base.lproj/Main.storyboard; sourceTree = "<group>"; };
		864D2BC1228DBD1A00EBA457 /* Assets.xcassets */ = {isa = PBXFileReference; lastKnownFileType = folder.assetcatalog; path = Assets.xcassets; sourceTree = "<group>"; };
		864D2BC4228DBD1A00EBA457 /* Base */ = {isa = PBXFileReference; lastKnownFileType = file.storyboard; name = Base; path = Base.lproj/LaunchScreen.storyboard; sourceTree = "<group>"; };
		864D2BC6228DBD1A00EBA457 /* Info.plist */ = {isa = PBXFileReference; lastKnownFileType = text.plist.xml; path = Info.plist; sourceTree = "<group>"; };
		864D2BCB228DBD1A00EBA457 /* OttocashSDKDemoUITests.xctest */ = {isa = PBXFileReference; explicitFileType = wrapper.cfbundle; includeInIndex = 0; path = OttocashSDKDemoUITests.xctest; sourceTree = BUILT_PRODUCTS_DIR; };
		864D2BCF228DBD1A00EBA457 /* OttocashSDKDemoUITests.swift */ = {isa = PBXFileReference; lastKnownFileType = sourcecode.swift; path = OttocashSDKDemoUITests.swift; sourceTree = "<group>"; };
		864D2BD1228DBD1A00EBA457 /* Info.plist */ = {isa = PBXFileReference; lastKnownFileType = text.plist.xml; path = Info.plist; sourceTree = "<group>"; };
		A3A06610B047EEE1622D49B1 /* Pods-OttocashSDKDemoUITests.release.xcconfig */ = {isa = PBXFileReference; includeInIndex = 1; lastKnownFileType = text.xcconfig; name = "Pods-OttocashSDKDemoUITests.release.xcconfig"; path = "Target Support Files/Pods-OttocashSDKDemoUITests/Pods-OttocashSDKDemoUITests.release.xcconfig"; sourceTree = "<group>"; };
		CC050C5300ECAB76085B9AB6 /* Pods-OttocashSDKDemo.release.xcconfig */ = {isa = PBXFileReference; includeInIndex = 1; lastKnownFileType = text.xcconfig; name = "Pods-OttocashSDKDemo.release.xcconfig"; path = "Target Support Files/Pods-OttocashSDKDemo/Pods-OttocashSDKDemo.release.xcconfig"; sourceTree = "<group>"; };
		EE5D0B165C52AE052FF0F7B3 /* Pods-OttocashSDKDemoUITests.debug.xcconfig */ = {isa = PBXFileReference; includeInIndex = 1; lastKnownFileType = text.xcconfig; name = "Pods-OttocashSDKDemoUITests.debug.xcconfig"; path = "Target Support Files/Pods-OttocashSDKDemoUITests/Pods-OttocashSDKDemoUITests.debug.xcconfig"; sourceTree = "<group>"; };
/* End PBXFileReference section */

/* Begin PBXFrameworksBuildPhase section */
		864D2BB4228DBD1900EBA457 /* Frameworks */ = {
			isa = PBXFrameworksBuildPhase;
			buildActionMask = 2147483647;
			files = (
				7CC854490A2B2CA7E67FCB15 /* Pods_OttocashSDKDemo.framework in Frameworks */,
			);
			runOnlyForDeploymentPostprocessing = 0;
		};
		864D2BC8228DBD1A00EBA457 /* Frameworks */ = {
			isa = PBXFrameworksBuildPhase;
			buildActionMask = 2147483647;
			files = (
				4688B808D6C513315C30F5B6 /* Pods_OttocashSDKDemoUITests.framework in Frameworks */,
			);
			runOnlyForDeploymentPostprocessing = 0;
		};
/* End PBXFrameworksBuildPhase section */

/* Begin PBXGroup section */
		864D2BAE228DBD1800EBA457 = {
			isa = PBXGroup;
			children = (
				864D2BB9228DBD1900EBA457 /* OttocashSDKDemo */,
				864D2BCE228DBD1A00EBA457 /* OttocashSDKDemoUITests */,
				864D2BB8228DBD1900EBA457 /* Products */,
				8B6A64025B14FBD613A95901 /* Pods */,
				DAD1633F36539D9ECB3D00F0 /* Frameworks */,
			);
			sourceTree = "<group>";
		};
		864D2BB8228DBD1900EBA457 /* Products */ = {
			isa = PBXGroup;
			children = (
				864D2BB7228DBD1900EBA457 /* OttocashSDKDemo.app */,
				864D2BCB228DBD1A00EBA457 /* OttocashSDKDemoUITests.xctest */,
			);
			name = Products;
			sourceTree = "<group>";
		};
		864D2BB9228DBD1900EBA457 /* OttocashSDKDemo */ = {
			isa = PBXGroup;
			children = (
				864D2BBA228DBD1900EBA457 /* AppDelegate.swift */,
				864D2BBC228DBD1900EBA457 /* ViewController.swift */,
				864D2BBE228DBD1900EBA457 /* Main.storyboard */,
				864D2BC1228DBD1A00EBA457 /* Assets.xcassets */,
				864D2BC3228DBD1A00EBA457 /* LaunchScreen.storyboard */,
				864D2BC6228DBD1A00EBA457 /* Info.plist */,
			);
			path = OttocashSDKDemo;
			sourceTree = "<group>";
		};
		864D2BCE228DBD1A00EBA457 /* OttocashSDKDemoUITests */ = {
			isa = PBXGroup;
			children = (
				864D2BCF228DBD1A00EBA457 /* OttocashSDKDemoUITests.swift */,
				864D2BD1228DBD1A00EBA457 /* Info.plist */,
			);
			path = OttocashSDKDemoUITests;
			sourceTree = "<group>";
		};
		8B6A64025B14FBD613A95901 /* Pods */ = {
			isa = PBXGroup;
			children = (
				0E2FB1734CD4E2EBF916AF97 /* Pods-OttocashSDKDemo.debug.xcconfig */,
				CC050C5300ECAB76085B9AB6 /* Pods-OttocashSDKDemo.release.xcconfig */,
				EE5D0B165C52AE052FF0F7B3 /* Pods-OttocashSDKDemoUITests.debug.xcconfig */,
				A3A06610B047EEE1622D49B1 /* Pods-OttocashSDKDemoUITests.release.xcconfig */,
			);
			path = Pods;
			sourceTree = "<group>";
		};
		DAD1633F36539D9ECB3D00F0 /* Frameworks */ = {
			isa = PBXGroup;
			children = (
				0AC5904234320A022B5B108A /* Pods_OttocashSDKDemo.framework */,
				4ECEB16AC078A701518C4899 /* Pods_OttocashSDKDemoUITests.framework */,
			);
			name = Frameworks;
			sourceTree = "<group>";
		};
/* End PBXGroup section */

/* Begin PBXNativeTarget section */
		864D2BB6228DBD1900EBA457 /* OttocashSDKDemo */ = {
			isa = PBXNativeTarget;
			buildConfigurationList = 864D2BD4228DBD1A00EBA457 /* Build configuration list for PBXNativeTarget "OttocashSDKDemo" */;
			buildPhases = (
				AABC1CB2C42A968B8CAF5085 /* [CP] Check Pods Manifest.lock */,
				864D2BB3228DBD1900EBA457 /* Sources */,
				864D2BB4228DBD1900EBA457 /* Frameworks */,
				864D2BB5228DBD1900EBA457 /* Resources */,
				07C1507162B288DD68E2BA91 /* [CP] Embed Pods Frameworks */,
				86F7A3D322FC1A770060166C /* ShellScript */,
			);
			buildRules = (
			);
			dependencies = (
			);
			name = OttocashSDKDemo;
			productName = OttocashSDKDemo;
			productReference = 864D2BB7228DBD1900EBA457 /* OttocashSDKDemo.app */;
			productType = "com.apple.product-type.application";
		};
		864D2BCA228DBD1A00EBA457 /* OttocashSDKDemoUITests */ = {
			isa = PBXNativeTarget;
			buildConfigurationList = 864D2BD7228DBD1A00EBA457 /* Build configuration list for PBXNativeTarget "OttocashSDKDemoUITests" */;
			buildPhases = (
				3FBDD7F69845D10AD1F00892 /* [CP] Check Pods Manifest.lock */,
				864D2BC7228DBD1A00EBA457 /* Sources */,
				864D2BC8228DBD1A00EBA457 /* Frameworks */,
				864D2BC9228DBD1A00EBA457 /* Resources */,
			);
			buildRules = (
			);
			dependencies = (
				864D2BCD228DBD1A00EBA457 /* PBXTargetDependency */,
			);
			name = OttocashSDKDemoUITests;
			productName = OttocashSDKDemoUITests;
			productReference = 864D2BCB228DBD1A00EBA457 /* OttocashSDKDemoUITests.xctest */;
			productType = "com.apple.product-type.bundle.ui-testing";
		};
/* End PBXNativeTarget section */

/* Begin PBXProject section */
		864D2BAF228DBD1800EBA457 /* Project object */ = {
			isa = PBXProject;
			attributes = {
				LastSwiftUpdateCheck = 1020;
				LastUpgradeCheck = 1020;
				ORGANIZATIONNAME = "Nur Choirudin";
				TargetAttributes = {
					864D2BB6228DBD1900EBA457 = {
						CreatedOnToolsVersion = 10.2.1;
					};
					864D2BCA228DBD1A00EBA457 = {
						CreatedOnToolsVersion = 10.2.1;
						TestTargetID = 864D2BB6228DBD1900EBA457;
					};
				};
			};
			buildConfigurationList = 864D2BB2228DBD1800EBA457 /* Build configuration list for PBXProject "OttocashSDKDemo" */;
			compatibilityVersion = "Xcode 9.3";
			developmentRegion = en;
			hasScannedForEncodings = 0;
			knownRegions = (
				en,
				Base,
			);
			mainGroup = 864D2BAE228DBD1800EBA457;
			productRefGroup = 864D2BB8228DBD1900EBA457 /* Products */;
			projectDirPath = "";
			projectRoot = "";
			targets = (
				864D2BB6228DBD1900EBA457 /* OttocashSDKDemo */,
				864D2BCA228DBD1A00EBA457 /* OttocashSDKDemoUITests */,
			);
		};
/* End PBXProject section */

/* Begin PBXResourcesBuildPhase section */
		864D2BB5228DBD1900EBA457 /* Resources */ = {
			isa = PBXResourcesBuildPhase;
			buildActionMask = 2147483647;
			files = (
				864D2BC5228DBD1A00EBA457 /* LaunchScreen.storyboard in Resources */,
				864D2BC2228DBD1A00EBA457 /* Assets.xcassets in Resources */,
				864D2BC0228DBD1900EBA457 /* Main.storyboard in Resources */,
			);
			runOnlyForDeploymentPostprocessing = 0;
		};
		864D2BC9228DBD1A00EBA457 /* Resources */ = {
			isa = PBXResourcesBuildPhase;
			buildActionMask = 2147483647;
			files = (
			);
			runOnlyForDeploymentPostprocessing = 0;
		};
/* End PBXResourcesBuildPhase section */

/* Begin PBXShellScriptBuildPhase section */
		07C1507162B288DD68E2BA91 /* [CP] Embed Pods Frameworks */ = {
			isa = PBXShellScriptBuildPhase;
			buildActionMask = 2147483647;
			files = (
			);
			inputFileListPaths = (
				"${PODS_ROOT}/Target Support Files/Pods-OttocashSDKDemo/Pods-OttocashSDKDemo-frameworks-${CONFIGURATION}-input-files.xcfilelist",
			);
			name = "[CP] Embed Pods Frameworks";
			outputFileListPaths = (
				"${PODS_ROOT}/Target Support Files/Pods-OttocashSDKDemo/Pods-OttocashSDKDemo-frameworks-${CONFIGURATION}-output-files.xcfilelist",
			);
			runOnlyForDeploymentPostprocessing = 0;
			shellPath = /bin/sh;
			shellScript = "\"${PODS_ROOT}/Target Support Files/Pods-OttocashSDKDemo/Pods-OttocashSDKDemo-frameworks.sh\"\n";
			showEnvVarsInLog = 0;
		};
		3FBDD7F69845D10AD1F00892 /* [CP] Check Pods Manifest.lock */ = {
			isa = PBXShellScriptBuildPhase;
			buildActionMask = 2147483647;
			files = (
			);
			inputFileListPaths = (
			);
			inputPaths = (
				"${PODS_PODFILE_DIR_PATH}/Podfile.lock",
				"${PODS_ROOT}/Manifest.lock",
			);
			name = "[CP] Check Pods Manifest.lock";
			outputFileListPaths = (
			);
			outputPaths = (
				"$(DERIVED_FILE_DIR)/Pods-OttocashSDKDemoUITests-checkManifestLockResult.txt",
			);
			runOnlyForDeploymentPostprocessing = 0;
			shellPath = /bin/sh;
			shellScript = "diff \"${PODS_PODFILE_DIR_PATH}/Podfile.lock\" \"${PODS_ROOT}/Manifest.lock\" > /dev/null\nif [ $? != 0 ] ; then\n    # print error to STDERR\n    echo \"error: The sandbox is not in sync with the Podfile.lock. Run 'pod install' or update your CocoaPods installation.\" >&2\n    exit 1\nfi\n# This output is used by Xcode 'outputs' to avoid re-running this script phase.\necho \"SUCCESS\" > \"${SCRIPT_OUTPUT_FILE_0}\"\n";
			showEnvVarsInLog = 0;
		};
		86F7A3D322FC1A770060166C /* ShellScript */ = {
			isa = PBXShellScriptBuildPhase;
			buildActionMask = 2147483647;
			files = (
			);
			inputFileListPaths = (
			);
			inputPaths = (
			);
			outputFileListPaths = (
			);
			outputPaths = (
			);
			runOnlyForDeploymentPostprocessing = 0;
			shellPath = /bin/sh;
			shellScript = "\"${PODS_ROOT}/Fabric/run\" 0753164414cfdea66e1c55a2b9bea2ca7aa7c9f5 14d97a5fab37457e846347fe1b08c8da352870bd10c44397ea1b05b215a3b25c\n";
		};
		AABC1CB2C42A968B8CAF5085 /* [CP] Check Pods Manifest.lock */ = {
			isa = PBXShellScriptBuildPhase;
			buildActionMask = 2147483647;
			files = (
			);
			inputFileListPaths = (
			);
			inputPaths = (
				"${PODS_PODFILE_DIR_PATH}/Podfile.lock",
				"${PODS_ROOT}/Manifest.lock",
			);
			name = "[CP] Check Pods Manifest.lock";
			outputFileListPaths = (
			);
			outputPaths = (
				"$(DERIVED_FILE_DIR)/Pods-OttocashSDKDemo-checkManifestLockResult.txt",
			);
			runOnlyForDeploymentPostprocessing = 0;
			shellPath = /bin/sh;
			shellScript = "diff \"${PODS_PODFILE_DIR_PATH}/Podfile.lock\" \"${PODS_ROOT}/Manifest.lock\" > /dev/null\nif [ $? != 0 ] ; then\n    # print error to STDERR\n    echo \"error: The sandbox is not in sync with the Podfile.lock. Run 'pod install' or update your CocoaPods installation.\" >&2\n    exit 1\nfi\n# This output is used by Xcode 'outputs' to avoid re-running this script phase.\necho \"SUCCESS\" > \"${SCRIPT_OUTPUT_FILE_0}\"\n";
			showEnvVarsInLog = 0;
		};
/* End PBXShellScriptBuildPhase section */

/* Begin PBXSourcesBuildPhase section */
		864D2BB3228DBD1900EBA457 /* Sources */ = {
			isa = PBXSourcesBuildPhase;
			buildActionMask = 2147483647;
			files = (
				864D2BBD228DBD1900EBA457 /* ViewController.swift in Sources */,
				864D2BBB228DBD1900EBA457 /* AppDelegate.swift in Sources */,
			);
			runOnlyForDeploymentPostprocessing = 0;
		};
		864D2BC7228DBD1A00EBA457 /* Sources */ = {
			isa = PBXSourcesBuildPhase;
			buildActionMask = 2147483647;
			files = (
				864D2BD0228DBD1A00EBA457 /* OttocashSDKDemoUITests.swift in Sources */,
			);
			runOnlyForDeploymentPostprocessing = 0;
		};
/* End PBXSourcesBuildPhase section */

/* Begin PBXTargetDependency section */
		864D2BCD228DBD1A00EBA457 /* PBXTargetDependency */ = {
			isa = PBXTargetDependency;
			target = 864D2BB6228DBD1900EBA457 /* OttocashSDKDemo */;
			targetProxy = 864D2BCC228DBD1A00EBA457 /* PBXContainerItemProxy */;
		};
/* End PBXTargetDependency section */

/* Begin PBXVariantGroup section */
		864D2BBE228DBD1900EBA457 /* Main.storyboard */ = {
			isa = PBXVariantGroup;
			children = (
				864D2BBF228DBD1900EBA457 /* Base */,
			);
			name = Main.storyboard;
			sourceTree = "<group>";
		};
		864D2BC3228DBD1A00EBA457 /* LaunchScreen.storyboard */ = {
			isa = PBXVariantGroup;
			children = (
				864D2BC4228DBD1A00EBA457 /* Base */,
			);
			name = LaunchScreen.storyboard;
			sourceTree = "<group>";
		};
/* End PBXVariantGroup section */

/* Begin XCBuildConfiguration section */
		864D2BD2228DBD1A00EBA457 /* Debug */ = {
			isa = XCBuildConfiguration;
			buildSettings = {
				ALWAYS_SEARCH_USER_PATHS = NO;
				CLANG_ANALYZER_NONNULL = YES;
				CLANG_ANALYZER_NUMBER_OBJECT_CONVERSION = YES_AGGRESSIVE;
				CLANG_CXX_LANGUAGE_STANDARD = "gnu++14";
				CLANG_CXX_LIBRARY = "libc++";
				CLANG_ENABLE_MODULES = YES;
				CLANG_ENABLE_OBJC_ARC = YES;
				CLANG_ENABLE_OBJC_WEAK = YES;
				CLANG_WARN_BLOCK_CAPTURE_AUTORELEASING = YES;
				CLANG_WARN_BOOL_CONVERSION = YES;
				CLANG_WARN_COMMA = YES;
				CLANG_WARN_CONSTANT_CONVERSION = YES;
				CLANG_WARN_DEPRECATED_OBJC_IMPLEMENTATIONS = YES;
				CLANG_WARN_DIRECT_OBJC_ISA_USAGE = YES_ERROR;
				CLANG_WARN_DOCUMENTATION_COMMENTS = YES;
				CLANG_WARN_EMPTY_BODY = YES;
				CLANG_WARN_ENUM_CONVERSION = YES;
				CLANG_WARN_INFINITE_RECURSION = YES;
				CLANG_WARN_INT_CONVERSION = YES;
				CLANG_WARN_NON_LITERAL_NULL_CONVERSION = YES;
				CLANG_WARN_OBJC_IMPLICIT_RETAIN_SELF = YES;
				CLANG_WARN_OBJC_LITERAL_CONVERSION = YES;
				CLANG_WARN_OBJC_ROOT_CLASS = YES_ERROR;
				CLANG_WARN_RANGE_LOOP_ANALYSIS = YES;
				CLANG_WARN_STRICT_PROTOTYPES = YES;
				CLANG_WARN_SUSPICIOUS_MOVE = YES;
				CLANG_WARN_UNGUARDED_AVAILABILITY = YES_AGGRESSIVE;
				CLANG_WARN_UNREACHABLE_CODE = YES;
				CLANG_WARN__DUPLICATE_METHOD_MATCH = YES;
				CODE_SIGN_IDENTITY = "iPhone Developer";
				COPY_PHASE_STRIP = NO;
				DEBUG_INFORMATION_FORMAT = dwarf;
				ENABLE_STRICT_OBJC_MSGSEND = YES;
				ENABLE_TESTABILITY = YES;
				GCC_C_LANGUAGE_STANDARD = gnu11;
				GCC_DYNAMIC_NO_PIC = NO;
				GCC_NO_COMMON_BLOCKS = YES;
				GCC_OPTIMIZATION_LEVEL = 0;
				GCC_PREPROCESSOR_DEFINITIONS = (
					"DEBUG=1",
					"$(inherited)",
				);
				GCC_WARN_64_TO_32_BIT_CONVERSION = YES;
				GCC_WARN_ABOUT_RETURN_TYPE = YES_ERROR;
				GCC_WARN_UNDECLARED_SELECTOR = YES;
				GCC_WARN_UNINITIALIZED_AUTOS = YES_AGGRESSIVE;
				GCC_WARN_UNUSED_FUNCTION = YES;
				GCC_WARN_UNUSED_VARIABLE = YES;
				IPHONEOS_DEPLOYMENT_TARGET = 12.2;
				MTL_ENABLE_DEBUG_INFO = INCLUDE_SOURCE;
				MTL_FAST_MATH = YES;
				ONLY_ACTIVE_ARCH = YES;
				SDKROOT = iphoneos;
				SWIFT_ACTIVE_COMPILATION_CONDITIONS = DEBUG;
				SWIFT_OPTIMIZATION_LEVEL = "-Onone";
			};
			name = Debug;
		};
		864D2BD3228DBD1A00EBA457 /* Release */ = {
			isa = XCBuildConfiguration;
			buildSettings = {
				ALWAYS_SEARCH_USER_PATHS = NO;
				CLANG_ANALYZER_NONNULL = YES;
				CLANG_ANALYZER_NUMBER_OBJECT_CONVERSION = YES_AGGRESSIVE;
				CLANG_CXX_LANGUAGE_STANDARD = "gnu++14";
				CLANG_CXX_LIBRARY = "libc++";
				CLANG_ENABLE_MODULES = YES;
				CLANG_ENABLE_OBJC_ARC = YES;
				CLANG_ENABLE_OBJC_WEAK = YES;
				CLANG_WARN_BLOCK_CAPTURE_AUTORELEASING = YES;
				CLANG_WARN_BOOL_CONVERSION = YES;
				CLANG_WARN_COMMA = YES;
				CLANG_WARN_CONSTANT_CONVERSION = YES;
				CLANG_WARN_DEPRECATED_OBJC_IMPLEMENTATIONS = YES;
				CLANG_WARN_DIRECT_OBJC_ISA_USAGE = YES_ERROR;
				CLANG_WARN_DOCUMENTATION_COMMENTS = YES;
				CLANG_WARN_EMPTY_BODY = YES;
				CLANG_WARN_ENUM_CONVERSION = YES;
				CLANG_WARN_INFINITE_RECURSION = YES;
				CLANG_WARN_INT_CONVERSION = YES;
				CLANG_WARN_NON_LITERAL_NULL_CONVERSION = YES;
				CLANG_WARN_OBJC_IMPLICIT_RETAIN_SELF = YES;
				CLANG_WARN_OBJC_LITERAL_CONVERSION = YES;
				CLANG_WARN_OBJC_ROOT_CLASS = YES_ERROR;
				CLANG_WARN_RANGE_LOOP_ANALYSIS = YES;
				CLANG_WARN_STRICT_PROTOTYPES = YES;
				CLANG_WARN_SUSPICIOUS_MOVE = YES;
				CLANG_WARN_UNGUARDED_AVAILABILITY = YES_AGGRESSIVE;
				CLANG_WARN_UNREACHABLE_CODE = YES;
				CLANG_WARN__DUPLICATE_METHOD_MATCH = YES;
				CODE_SIGN_IDENTITY = "iPhone Developer";
				COPY_PHASE_STRIP = NO;
				DEBUG_INFORMATION_FORMAT = "dwarf-with-dsym";
				ENABLE_NS_ASSERTIONS = NO;
				ENABLE_STRICT_OBJC_MSGSEND = YES;
				GCC_C_LANGUAGE_STANDARD = gnu11;
				GCC_NO_COMMON_BLOCKS = YES;
				GCC_WARN_64_TO_32_BIT_CONVERSION = YES;
				GCC_WARN_ABOUT_RETURN_TYPE = YES_ERROR;
				GCC_WARN_UNDECLARED_SELECTOR = YES;
				GCC_WARN_UNINITIALIZED_AUTOS = YES_AGGRESSIVE;
				GCC_WARN_UNUSED_FUNCTION = YES;
				GCC_WARN_UNUSED_VARIABLE = YES;
				IPHONEOS_DEPLOYMENT_TARGET = 12.2;
				MTL_ENABLE_DEBUG_INFO = NO;
				MTL_FAST_MATH = YES;
				SDKROOT = iphoneos;
				SWIFT_COMPILATION_MODE = wholemodule;
				SWIFT_OPTIMIZATION_LEVEL = "-O";
				VALIDATE_PRODUCT = YES;
			};
			name = Release;
		};
		864D2BD5228DBD1A00EBA457 /* Debug */ = {
			isa = XCBuildConfiguration;
			baseConfigurationReference = 0E2FB1734CD4E2EBF916AF97 /* Pods-OttocashSDKDemo.debug.xcconfig */;
			buildSettings = {
				ASSETCATALOG_COMPILER_APPICON_NAME = AppIcon;
				CODE_SIGN_IDENTITY = "Apple Development";
				CODE_SIGN_STYLE = Automatic;
				DEBUG_INFORMATION_FORMAT = "dwarf-with-dsym";
				DEVELOPMENT_TEAM = R7GMW42N3T;
				ENABLE_BITCODE = YES;
				INFOPLIST_FILE = OttocashSDKDemo/Info.plist;
				LD_RUNPATH_SEARCH_PATHS = (
					"$(inherited)",
					"@executable_path/Frameworks",
				);
				ONLY_ACTIVE_ARCH = NO;
				PRODUCT_BUNDLE_IDENTIFIER = com.clappingape.OttocashSDKHostApp;
				PRODUCT_NAME = "$(TARGET_NAME)";
				PROVISIONING_PROFILE_SPECIFIER = "";
				SWIFT_VERSION = 5.0;
				TARGETED_DEVICE_FAMILY = "1,2";
			};
			name = Debug;
		};
		864D2BD6228DBD1A00EBA457 /* Release */ = {
			isa = XCBuildConfiguration;
			baseConfigurationReference = CC050C5300ECAB76085B9AB6 /* Pods-OttocashSDKDemo.release.xcconfig */;
			buildSettings = {
				ASSETCATALOG_COMPILER_APPICON_NAME = AppIcon;
				CODE_SIGN_IDENTITY = "Apple Development";
				CODE_SIGN_STYLE = Automatic;
				DEVELOPMENT_TEAM = R7GMW42N3T;
				ENABLE_BITCODE = YES;
				INFOPLIST_FILE = OttocashSDKDemo/Info.plist;
				LD_RUNPATH_SEARCH_PATHS = (
					"$(inherited)",
					"@executable_path/Frameworks",
				);
				ONLY_ACTIVE_ARCH = NO;
				PRODUCT_BUNDLE_IDENTIFIER = com.clappingape.OttocashSDKHostApp;
				PRODUCT_NAME = "$(TARGET_NAME)";
				PROVISIONING_PROFILE_SPECIFIER = "";
				SWIFT_VERSION = 5.0;
				TARGETED_DEVICE_FAMILY = "1,2";
			};
			name = Release;
		};
		864D2BD8228DBD1A00EBA457 /* Debug */ = {
			isa = XCBuildConfiguration;
			baseConfigurationReference = EE5D0B165C52AE052FF0F7B3 /* Pods-OttocashSDKDemoUITests.debug.xcconfig */;
			buildSettings = {
				ALWAYS_EMBED_SWIFT_STANDARD_LIBRARIES = YES;
				CODE_SIGN_STYLE = Automatic;
				INFOPLIST_FILE = OttocashSDKDemoUITests/Info.plist;
				LD_RUNPATH_SEARCH_PATHS = (
					"$(inherited)",
					"@executable_path/Frameworks",
					"@loader_path/Frameworks",
				);
				PRODUCT_BUNDLE_IDENTIFIER = com.choirudin.OttocashSDKDemoUITests;
				PRODUCT_NAME = "$(TARGET_NAME)";
				SWIFT_VERSION = 5.0;
				TARGETED_DEVICE_FAMILY = "1,2";
				TEST_TARGET_NAME = OttocashSDKDemo;
			};
			name = Debug;
		};
		864D2BD9228DBD1A00EBA457 /* Release */ = {
			isa = XCBuildConfiguration;
			baseConfigurationReference = A3A06610B047EEE1622D49B1 /* Pods-OttocashSDKDemoUITests.release.xcconfig */;
			buildSettings = {
				ALWAYS_EMBED_SWIFT_STANDARD_LIBRARIES = YES;
				CODE_SIGN_STYLE = Automatic;
				INFOPLIST_FILE = OttocashSDKDemoUITests/Info.plist;
				LD_RUNPATH_SEARCH_PATHS = (
					"$(inherited)",
					"@executable_path/Frameworks",
					"@loader_path/Frameworks",
				);
				PRODUCT_BUNDLE_IDENTIFIER = com.choirudin.OttocashSDKDemoUITests;
				PRODUCT_NAME = "$(TARGET_NAME)";
				SWIFT_VERSION = 5.0;
				TARGETED_DEVICE_FAMILY = "1,2";
				TEST_TARGET_NAME = OttocashSDKDemo;
			};
			name = Release;
		};
/* End XCBuildConfiguration section */

/* Begin XCConfigurationList section */
		864D2BB2228DBD1800EBA457 /* Build configuration list for PBXProject "OttocashSDKDemo" */ = {
			isa = XCConfigurationList;
			buildConfigurations = (
				864D2BD2228DBD1A00EBA457 /* Debug */,
				864D2BD3228DBD1A00EBA457 /* Release */,
			);
			defaultConfigurationIsVisible = 0;
			defaultConfigurationName = Release;
		};
		864D2BD4228DBD1A00EBA457 /* Build configuration list for PBXNativeTarget "OttocashSDKDemo" */ = {
			isa = XCConfigurationList;
			buildConfigurations = (
				864D2BD5228DBD1A00EBA457 /* Debug */,
				864D2BD6228DBD1A00EBA457 /* Release */,
			);
			defaultConfigurationIsVisible = 0;
			defaultConfigurationName = Release;
		};
		864D2BD7228DBD1A00EBA457 /* Build configuration list for PBXNativeTarget "OttocashSDKDemoUITests" */ = {
			isa = XCConfigurationList;
			buildConfigurations = (
				864D2BD8228DBD1A00EBA457 /* Debug */,
				864D2BD9228DBD1A00EBA457 /* Release */,
			);
			defaultConfigurationIsVisible = 0;
			defaultConfigurationName = Release;
		};
/* End XCConfigurationList section */
	};
	rootObject = 864D2BAF228DBD1800EBA457 /* Project object */;
}
