PODS:
  - Crashlytics (3.13.4):
    - Fabric (~> 1.10.2)
  - Fabric (1.10.2)
  - OTTOCashSDK (0.10.9-beta)

DEPENDENCIES:
  - Crashlytics
  - Fabric
  - OTTOCashSDK (= 0.10.9-beta)

SPEC REPOS:
  https://github.com/cocoapods/specs.git:
    - Crashlytics
    - Fabric
    - OTTOCashSDK

SPEC CHECKSUMS:
  Crashlytics: 2dfd686bcb918dc10ee0e76f7f853fe42c7bd552
  Fabric: 706c8b8098fff96c33c0db69cbf81f9c551d0d74
  OTTOCashSDK: dbbbe67f1a5917c64ce019a72e3ec08f75ee85d5

PODFILE CHECKSUM: 0f5f229a3b4d1ae3982a1fb5a597f49f1a4a609c

COCOAPODS: 1.7.1
